
Microsoft Visual Studio Solution File, Format Version 12.00
# Visual Studio Version 16
VisualStudioVersion = 16.0.29326.143
MinimumVisualStudioVersion = 10.0.40219.1
Project("{FAE04EC0-301F-11D3-BF4B-00C04F79EFBC}") = "lab3", "lab3\lab3.csproj", "{570624C6-062B-44B4-A49B-220D236A4084}"
EndProject
Global
	GlobalSection(SolutionConfigurationPlatforms) = preSolution
		Debug|Any CPU = Debug|Any CPU
		Release|Any CPU = Release|Any CPU
	EndGlobalSection
	GlobalSection(ProjectConfigurationPlatforms) = postSolution
		{570624C6-062B-44B4-A49B-220D236A4084}.Debug|Any CPU.ActiveCfg = Debug|Any CPU
		{570624C6-062B-44B4-A49B-220D236A4084}.Debug|Any CPU.Build.0 = Debug|Any CPU
		{570624C6-062B-44B4-A49B-220D236A4084}.Release|Any CPU.ActiveCfg = Release|Any CPU
		{570624C6-062B-44B4-A49B-220D236A4084}.Release|Any CPU.Build.0 = Release|Any CPU
	EndGlobalSection
	GlobalSection(SolutionProperties) = preSolution
		HideSolutionNode = FALSE
	EndGlobalSection
	GlobalSection(ExtensibilityGlobals) = postSolution
		SolutionGuid = {54EA11D1-0F1D-4E84-9BAD-446E38B756C6}
	EndGlobalSection
EndGlobal
